
Microsoft Visual Studio Solution File, Format Version 12.00
# Visual Studio 15
VisualStudioVersion = 15.0.27130.2024
MinimumVisualStudioVersion = 10.0.40219.1
Project("{FAE04EC0-301F-11D3-BF4B-00C04F79EFBC}") = "Songs.Web", "Songs.Web\Songs.Web.csproj", "{DB2AD599-4A21-4EBF-BBB0-CE48057D8E15}"
EndProject
Project("{FAE04EC0-301F-11D3-BF4B-00C04F79EFBC}") = "Songs.Models", "..\Songs.Models\Songs.Models.csproj", "{A4295622-0DB2-4429-8510-D10607E0A0C3}"
EndProject
Global
	GlobalSection(SolutionConfigurationPlatforms) = preSolution
		Debug|Any CPU = Debug|Any CPU
		Release|Any CPU = Release|Any CPU
	EndGlobalSection
	GlobalSection(ProjectConfigurationPlatforms) = postSolution
		{DB2AD599-4A21-4EBF-BBB0-CE48057D8E15}.Debug|Any CPU.ActiveCfg = Debug|Any CPU
		{DB2AD599-4A21-4EBF-BBB0-CE48057D8E15}.Debug|Any CPU.Build.0 = Debug|Any CPU
		{DB2AD599-4A21-4EBF-BBB0-CE48057D8E15}.Release|Any CPU.ActiveCfg = Release|Any CPU
		{DB2AD599-4A21-4EBF-BBB0-CE48057D8E15}.Release|Any CPU.Build.0 = Release|Any CPU
		{A4295622-0DB2-4429-8510-D10607E0A0C3}.Debug|Any CPU.ActiveCfg = Debug|Any CPU
		{A4295622-0DB2-4429-8510-D10607E0A0C3}.Debug|Any CPU.Build.0 = Debug|Any CPU
		{A4295622-0DB2-4429-8510-D10607E0A0C3}.Release|Any CPU.ActiveCfg = Release|Any CPU
		{A4295622-0DB2-4429-8510-D10607E0A0C3}.Release|Any CPU.Build.0 = Release|Any CPU
	EndGlobalSection
	GlobalSection(SolutionProperties) = preSolution
		HideSolutionNode = FALSE
	EndGlobalSection
	GlobalSection(ExtensibilityGlobals) = postSolution
		SolutionGuid = {D498A88C-DC7D-4377-BACC-AF406C8A9FF2}
	EndGlobalSection
EndGlobal
